
Microsoft Visual Studio Solution File, Format Version 12.00
# Visual Studio Version 16
VisualStudioVersion = 16.0.30907.101
MinimumVisualStudioVersion = 10.0.40219.1
Project("{FAE04EC0-301F-11D3-BF4B-00C04F79EFBC}") = "Lab5", "Lab5\Lab5.csproj", "{7ADB0A37-1753-4700-BF87-74AD7B048304}"
EndProject
Global
	GlobalSection(SolutionConfigurationPlatforms) = preSolution
		Debug|Any CPU = Debug|Any CPU
		Release|Any CPU = Release|Any CPU
	EndGlobalSection
	GlobalSection(ProjectConfigurationPlatforms) = postSolution
		{7ADB0A37-1753-4700-BF87-74AD7B048304}.Debug|Any CPU.ActiveCfg = Debug|Any CPU
		{7ADB0A37-1753-4700-BF87-74AD7B048304}.Debug|Any CPU.Build.0 = Debug|Any CPU
		{7ADB0A37-1753-4700-BF87-74AD7B048304}.Release|Any CPU.ActiveCfg = Release|Any CPU
		{7ADB0A37-1753-4700-BF87-74AD7B048304}.Release|Any CPU.Build.0 = Release|Any CPU
	EndGlobalSection
	GlobalSection(SolutionProperties) = preSolution
		HideSolutionNode = FALSE
	EndGlobalSection
	GlobalSection(ExtensibilityGlobals) = postSolution
		SolutionGuid = {1A174B2A-D20F-4660-96E4-A141B351F7BA}
	EndGlobalSection
EndGlobal
